
Microsoft Visual Studio Solution File, Format Version 12.00
Project("{FAE04EC0-301F-11D3-BF4B-00C04F79EFBC}") = "Web", "Web\Web.csproj", "{5A8F6F4E-6F8F-40E8-9323-7C147788A4C0}"
EndProject
Project("{2150E333-8FDC-42A3-9474-1A3956D46DE8}") = "src", "src", "{99B3D4F6-D4C9-42C7-BF1F-C54C49C13026}"
EndProject
Project("{FAE04EC0-301F-11D3-BF4B-00C04F79EFBC}") = "Infrastructure", "Infrastructure\Infrastructure.csproj", "{4EB473F7-AE86-4657-B3B3-F23272F3F830}"
EndProject
Project("{FAE04EC0-301F-11D3-BF4B-00C04F79EFBC}") = "Domain", "Domain\Domain.csproj", "{3C48A1B6-95E2-4782-8C77-E47E4A3CE366}"
EndProject
Project("{FAE04EC0-301F-11D3-BF4B-00C04F79EFBC}") = "Shared", "Shared\Shared.csproj", "{D4D71B65-4DC9-4A89-A356-51400DE4C170}"
EndProject
Project("{FAE04EC0-301F-11D3-BF4B-00C04F79EFBC}") = "Application", "Application\Application.csproj", "{EFD059BF-502D-4AB5-BB75-66FD8255B470}"
EndProject
Global
	GlobalSection(SolutionConfigurationPlatforms) = preSolution
		Debug|Any CPU = Debug|Any CPU
		Release|Any CPU = Release|Any CPU
	EndGlobalSection
	GlobalSection(ProjectConfigurationPlatforms) = postSolution
		{5A8F6F4E-6F8F-40E8-9323-7C147788A4C0}.Debug|Any CPU.ActiveCfg = Debug|Any CPU
		{5A8F6F4E-6F8F-40E8-9323-7C147788A4C0}.Debug|Any CPU.Build.0 = Debug|Any CPU
		{5A8F6F4E-6F8F-40E8-9323-7C147788A4C0}.Release|Any CPU.ActiveCfg = Release|Any CPU
		{5A8F6F4E-6F8F-40E8-9323-7C147788A4C0}.Release|Any CPU.Build.0 = Release|Any CPU
		{4EB473F7-AE86-4657-B3B3-F23272F3F830}.Debug|Any CPU.ActiveCfg = Debug|Any CPU
		{4EB473F7-AE86-4657-B3B3-F23272F3F830}.Debug|Any CPU.Build.0 = Debug|Any CPU
		{4EB473F7-AE86-4657-B3B3-F23272F3F830}.Release|Any CPU.ActiveCfg = Release|Any CPU
		{4EB473F7-AE86-4657-B3B3-F23272F3F830}.Release|Any CPU.Build.0 = Release|Any CPU
		{3C48A1B6-95E2-4782-8C77-E47E4A3CE366}.Debug|Any CPU.ActiveCfg = Debug|Any CPU
		{3C48A1B6-95E2-4782-8C77-E47E4A3CE366}.Debug|Any CPU.Build.0 = Debug|Any CPU
		{3C48A1B6-95E2-4782-8C77-E47E4A3CE366}.Release|Any CPU.ActiveCfg = Release|Any CPU
		{3C48A1B6-95E2-4782-8C77-E47E4A3CE366}.Release|Any CPU.Build.0 = Release|Any CPU
		{D4D71B65-4DC9-4A89-A356-51400DE4C170}.Debug|Any CPU.ActiveCfg = Debug|Any CPU
		{D4D71B65-4DC9-4A89-A356-51400DE4C170}.Debug|Any CPU.Build.0 = Debug|Any CPU
		{D4D71B65-4DC9-4A89-A356-51400DE4C170}.Release|Any CPU.ActiveCfg = Release|Any CPU
		{D4D71B65-4DC9-4A89-A356-51400DE4C170}.Release|Any CPU.Build.0 = Release|Any CPU
		{EFD059BF-502D-4AB5-BB75-66FD8255B470}.Debug|Any CPU.ActiveCfg = Debug|Any CPU
		{EFD059BF-502D-4AB5-BB75-66FD8255B470}.Debug|Any CPU.Build.0 = Debug|Any CPU
		{EFD059BF-502D-4AB5-BB75-66FD8255B470}.Release|Any CPU.ActiveCfg = Release|Any CPU
		{EFD059BF-502D-4AB5-BB75-66FD8255B470}.Release|Any CPU.Build.0 = Release|Any CPU
	EndGlobalSection
	GlobalSection(NestedProjects) = preSolution
		{5A8F6F4E-6F8F-40E8-9323-7C147788A4C0} = {99B3D4F6-D4C9-42C7-BF1F-C54C49C13026}
		{4EB473F7-AE86-4657-B3B3-F23272F3F830} = {99B3D4F6-D4C9-42C7-BF1F-C54C49C13026}
		{3C48A1B6-95E2-4782-8C77-E47E4A3CE366} = {99B3D4F6-D4C9-42C7-BF1F-C54C49C13026}
		{D4D71B65-4DC9-4A89-A356-51400DE4C170} = {99B3D4F6-D4C9-42C7-BF1F-C54C49C13026}
		{EFD059BF-502D-4AB5-BB75-66FD8255B470} = {99B3D4F6-D4C9-42C7-BF1F-C54C49C13026}
	EndGlobalSection
EndGlobal
